
Microsoft Visual Studio Solution File, Format Version 12.00
# Visual Studio 15
VisualStudioVersion = 15.0.28010.2050
MinimumVisualStudioVersion = 10.0.40219.1
Project("{9A19103F-16F7-4668-BE54-9A1E7A4F7556}") = "API", "API\API.csproj", "{FAEF70C2-1C4E-42E6-8375-EB47F523C1F2}"
EndProject
Project("{9A19103F-16F7-4668-BE54-9A1E7A4F7556}") = "Model", "Model\Model.csproj", "{8D613EF0-A9E9-4D84-9A40-E286F54C8481}"
EndProject
Project("{9A19103F-16F7-4668-BE54-9A1E7A4F7556}") = "BusinessLibrary", "BusinessLibrary\BusinessLibrary.csproj", "{CF4BABBC-661E-498D-9ACB-43540174E454}"
EndProject
Project("{FAE04EC0-301F-11D3-BF4B-00C04F79EFBC}") = "Core.Lib", "Core.Lib\Core.Lib.csproj", "{7E76FF4D-305A-44B0-9BB8-F93BD79EEE33}"
EndProject
Global
	GlobalSection(SolutionConfigurationPlatforms) = preSolution
		Debug|Any CPU = Debug|Any CPU
		Release|Any CPU = Release|Any CPU
	EndGlobalSection
	GlobalSection(ProjectConfigurationPlatforms) = postSolution
		{FAEF70C2-1C4E-42E6-8375-EB47F523C1F2}.Debug|Any CPU.ActiveCfg = Debug|Any CPU
		{FAEF70C2-1C4E-42E6-8375-EB47F523C1F2}.Debug|Any CPU.Build.0 = Debug|Any CPU
		{FAEF70C2-1C4E-42E6-8375-EB47F523C1F2}.Release|Any CPU.ActiveCfg = Release|Any CPU
		{FAEF70C2-1C4E-42E6-8375-EB47F523C1F2}.Release|Any CPU.Build.0 = Release|Any CPU
		{8D613EF0-A9E9-4D84-9A40-E286F54C8481}.Debug|Any CPU.ActiveCfg = Debug|Any CPU
		{8D613EF0-A9E9-4D84-9A40-E286F54C8481}.Debug|Any CPU.Build.0 = Debug|Any CPU
		{8D613EF0-A9E9-4D84-9A40-E286F54C8481}.Release|Any CPU.ActiveCfg = Release|Any CPU
		{8D613EF0-A9E9-4D84-9A40-E286F54C8481}.Release|Any CPU.Build.0 = Release|Any CPU
		{CF4BABBC-661E-498D-9ACB-43540174E454}.Debug|Any CPU.ActiveCfg = Debug|Any CPU
		{CF4BABBC-661E-498D-9ACB-43540174E454}.Debug|Any CPU.Build.0 = Debug|Any CPU
		{CF4BABBC-661E-498D-9ACB-43540174E454}.Release|Any CPU.ActiveCfg = Release|Any CPU
		{CF4BABBC-661E-498D-9ACB-43540174E454}.Release|Any CPU.Build.0 = Release|Any CPU
		{7E76FF4D-305A-44B0-9BB8-F93BD79EEE33}.Debug|Any CPU.ActiveCfg = Debug|Any CPU
		{7E76FF4D-305A-44B0-9BB8-F93BD79EEE33}.Debug|Any CPU.Build.0 = Debug|Any CPU
		{7E76FF4D-305A-44B0-9BB8-F93BD79EEE33}.Release|Any CPU.ActiveCfg = Release|Any CPU
		{7E76FF4D-305A-44B0-9BB8-F93BD79EEE33}.Release|Any CPU.Build.0 = Release|Any CPU
	EndGlobalSection
	GlobalSection(SolutionProperties) = preSolution
		HideSolutionNode = FALSE
	EndGlobalSection
	GlobalSection(ExtensibilityGlobals) = postSolution
		SolutionGuid = {B26BD8D0-1331-4F63-9351-C14B7BE61880}
	EndGlobalSection
EndGlobal
